
Microsoft Visual Studio Solution File, Format Version 12.00
# Visual Studio Version 17
VisualStudioVersion = 17.7.34202.233
MinimumVisualStudioVersion = 10.0.40219.1
Project("{FAE04EC0-301F-11D3-BF4B-00C04F79EFBC}") = "GridWF", "GridWF.csproj", "{03A88C46-91B3-4C13-8A0A-E5233C6553D1}"
EndProject
Global
	GlobalSection(SolutionConfigurationPlatforms) = preSolution
		Debug|Any CPU = Debug|Any CPU
		Release|Any CPU = Release|Any CPU
	EndGlobalSection
	GlobalSection(ProjectConfigurationPlatforms) = postSolution
		{03A88C46-91B3-4C13-8A0A-E5233C6553D1}.Debug|Any CPU.ActiveCfg = Debug|Any CPU
		{03A88C46-91B3-4C13-8A0A-E5233C6553D1}.Debug|Any CPU.Build.0 = Debug|Any CPU
		{03A88C46-91B3-4C13-8A0A-E5233C6553D1}.Release|Any CPU.ActiveCfg = Release|Any CPU
		{03A88C46-91B3-4C13-8A0A-E5233C6553D1}.Release|Any CPU.Build.0 = Release|Any CPU
	EndGlobalSection
	GlobalSection(SolutionProperties) = preSolution
		HideSolutionNode = FALSE
	EndGlobalSection
	GlobalSection(ExtensibilityGlobals) = postSolution
		SolutionGuid = {1D810C1D-09CD-41F9-9093-CF430F65AAFE}
	EndGlobalSection
EndGlobal
